// !$*UTF8*$!
{
	archiveVersion = 1;
	classes = {
	};
	objectVersion = 50;
	objects = {

/* Begin PBXBuildFile section */
		A6B0766921BFA0D6003D51F3 /* AppDelegate.swift in Sources */ = {isa = PBXBuildFile; fileRef = A6B0766821BFA0D6003D51F3 /* AppDelegate.swift */; };
		A6B0766B21BFA0D6003D51F3 /* ViewController.swift in Sources */ = {isa = PBXBuildFile; fileRef = A6B0766A21BFA0D6003D51F3 /* ViewController.swift */; };
		A6B0766E21BFA0D6003D51F3 /* Main.storyboard in Resources */ = {isa = PBXBuildFile; fileRef = A6B0766C21BFA0D6003D51F3 /* Main.storyboard */; };
		A6B0767021BFA0D7003D51F3 /* Assets.xcassets in Resources */ = {isa = PBXBuildFile; fileRef = A6B0766F21BFA0D7003D51F3 /* Assets.xcassets */; };
		A6B0767321BFA0D7003D51F3 /* LaunchScreen.storyboard in Resources */ = {isa = PBXBuildFile; fileRef = A6B0767121BFA0D7003D51F3 /* LaunchScreen.storyboard */; };
		A6B0767E21BFA0D7003D51F3 /* KaragandyBusTests.swift in Sources */ = {isa = PBXBuildFile; fileRef = A6B0767D21BFA0D7003D51F3 /* KaragandyBusTests.swift */; };
		A6B0768921BFA0D7003D51F3 /* KaragandyBusUITests.swift in Sources */ = {isa = PBXBuildFile; fileRef = A6B0768821BFA0D7003D51F3 /* KaragandyBusUITests.swift */; };
/* End PBXBuildFile section */

/* Begin PBXContainerItemProxy section */
		A6B0767A21BFA0D7003D51F3 /* PBXContainerItemProxy */ = {
			isa = PBXContainerItemProxy;
			containerPortal = A6B0765D21BFA0D6003D51F3 /* Project object */;
			proxyType = 1;
			remoteGlobalIDString = A6B0766421BFA0D6003D51F3;
			remoteInfo = KaragandyBus;
		};
		A6B0768521BFA0D7003D51F3 /* PBXContainerItemProxy */ = {
			isa = PBXContainerItemProxy;
			containerPortal = A6B0765D21BFA0D6003D51F3 /* Project object */;
			proxyType = 1;
			remoteGlobalIDString = A6B0766421BFA0D6003D51F3;
			remoteInfo = KaragandyBus;
		};
/* End PBXContainerItemProxy section */

/* Begin PBXFileReference section */
		A6B0766521BFA0D6003D51F3 /* KaragandyBus.app */ = {isa = PBXFileReference; explicitFileType = wrapper.application; includeInIndex = 0; path = KaragandyBus.app; sourceTree = BUILT_PRODUCTS_DIR; };
		A6B0766821BFA0D6003D51F3 /* AppDelegate.swift */ = {isa = PBXFileReference; lastKnownFileType = sourcecode.swift; path = AppDelegate.swift; sourceTree = "<group>"; };
		A6B0766A21BFA0D6003D51F3 /* ViewController.swift */ = {isa = PBXFileReference; lastKnownFileType = sourcecode.swift; path = ViewController.swift; sourceTree = "<group>"; };
		A6B0766D21BFA0D6003D51F3 /* Base */ = {isa = PBXFileReference; lastKnownFileType = file.storyboard; name = Base; path = Base.lproj/Main.storyboard; sourceTree = "<group>"; };
		A6B0766F21BFA0D7003D51F3 /* Assets.xcassets */ = {isa = PBXFileReference; lastKnownFileType = folder.assetcatalog; path = Assets.xcassets; sourceTree = "<group>"; };
		A6B0767221BFA0D7003D51F3 /* Base */ = {isa = PBXFileReference; lastKnownFileType = file.storyboard; name = Base; path = Base.lproj/LaunchScreen.storyboard; sourceTree = "<group>"; };
		A6B0767421BFA0D7003D51F3 /* Info.plist */ = {isa = PBXFileReference; lastKnownFileType = text.plist.xml; path = Info.plist; sourceTree = "<group>"; };
		A6B0767921BFA0D7003D51F3 /* KaragandyBusTests.xctest */ = {isa = PBXFileReference; explicitFileType = wrapper.cfbundle; includeInIndex = 0; path = KaragandyBusTests.xctest; sourceTree = BUILT_PRODUCTS_DIR; };
		A6B0767D21BFA0D7003D51F3 /* KaragandyBusTests.swift */ = {isa = PBXFileReference; lastKnownFileType = sourcecode.swift; path = KaragandyBusTests.swift; sourceTree = "<group>"; };
		A6B0767F21BFA0D7003D51F3 /* Info.plist */ = {isa = PBXFileReference; lastKnownFileType = text.plist.xml; path = Info.plist; sourceTree = "<group>"; };
		A6B0768421BFA0D7003D51F3 /* KaragandyBusUITests.xctest */ = {isa = PBXFileReference; explicitFileType = wrapper.cfbundle; includeInIndex = 0; path = KaragandyBusUITests.xctest; sourceTree = BUILT_PRODUCTS_DIR; };
		A6B0768821BFA0D7003D51F3 /* KaragandyBusUITests.swift */ = {isa = PBXFileReference; lastKnownFileType = sourcecode.swift; path = KaragandyBusUITests.swift; sourceTree = "<group>"; };
		A6B0768A21BFA0D7003D51F3 /* Info.plist */ = {isa = PBXFileReference; lastKnownFileType = text.plist.xml; path = Info.plist; sourceTree = "<group>"; };
/* End PBXFileReference section */

/* Begin PBXFrameworksBuildPhase section */
		A6B0766221BFA0D6003D51F3 /* Frameworks */ = {
			isa = PBXFrameworksBuildPhase;
			buildActionMask = 2147483647;
			files = (
			);
			runOnlyForDeploymentPostprocessing = 0;
		};
		A6B0767621BFA0D7003D51F3 /* Frameworks */ = {
			isa = PBXFrameworksBuildPhase;
			buildActionMask = 2147483647;
			files = (
			);
			runOnlyForDeploymentPostprocessing = 0;
		};
		A6B0768121BFA0D7003D51F3 /* Frameworks */ = {
			isa = PBXFrameworksBuildPhase;
			buildActionMask = 2147483647;
			files = (
			);
			runOnlyForDeploymentPostprocessing = 0;
		};
/* End PBXFrameworksBuildPhase section */

/* Begin PBXGroup section */
		A6B0765C21BFA0D6003D51F3 = {
			isa = PBXGroup;
			children = (
				A6B0766721BFA0D6003D51F3 /* KaragandyBus */,
				A6B0767C21BFA0D7003D51F3 /* KaragandyBusTests */,
				A6B0768721BFA0D7003D51F3 /* KaragandyBusUITests */,
				A6B0766621BFA0D6003D51F3 /* Products */,
			);
			sourceTree = "<group>";
		};
		A6B0766621BFA0D6003D51F3 /* Products */ = {
			isa = PBXGroup;
			children = (
				A6B0766521BFA0D6003D51F3 /* KaragandyBus.app */,
				A6B0767921BFA0D7003D51F3 /* KaragandyBusTests.xctest */,
				A6B0768421BFA0D7003D51F3 /* KaragandyBusUITests.xctest */,
			);
			name = Products;
			sourceTree = "<group>";
		};
		A6B0766721BFA0D6003D51F3 /* KaragandyBus */ = {
			isa = PBXGroup;
			children = (
				A6B0766821BFA0D6003D51F3 /* AppDelegate.swift */,
				A6B0766A21BFA0D6003D51F3 /* ViewController.swift */,
				A6B0766C21BFA0D6003D51F3 /* Main.storyboard */,
				A6B0766F21BFA0D7003D51F3 /* Assets.xcassets */,
				A6B0767121BFA0D7003D51F3 /* LaunchScreen.storyboard */,
				A6B0767421BFA0D7003D51F3 /* Info.plist */,
			);
			path = KaragandyBus;
			sourceTree = "<group>";
		};
		A6B0767C21BFA0D7003D51F3 /* KaragandyBusTests */ = {
			isa = PBXGroup;
			children = (
				A6B0767D21BFA0D7003D51F3 /* KaragandyBusTests.swift */,
				A6B0767F21BFA0D7003D51F3 /* Info.plist */,
			);
			path = KaragandyBusTests;
			sourceTree = "<group>";
		};
		A6B0768721BFA0D7003D51F3 /* KaragandyBusUITests */ = {
			isa = PBXGroup;
			children = (
				A6B0768821BFA0D7003D51F3 /* KaragandyBusUITests.swift */,
				A6B0768A21BFA0D7003D51F3 /* Info.plist */,
			);
			path = KaragandyBusUITests;
			sourceTree = "<group>";
		};
/* End PBXGroup section */

/* Begin PBXNativeTarget section */
		A6B0766421BFA0D6003D51F3 /* KaragandyBus */ = {
			isa = PBXNativeTarget;
			buildConfigurationList = A6B0768D21BFA0D7003D51F3 /* Build configuration list for PBXNativeTarget "KaragandyBus" */;
			buildPhases = (
				A6B0766121BFA0D6003D51F3 /* Sources */,
				A6B0766221BFA0D6003D51F3 /* Frameworks */,
				A6B0766321BFA0D6003D51F3 /* Resources */,
			);
			buildRules = (
			);
			dependencies = (
			);
			name = KaragandyBus;
			productName = KaragandyBus;
			productReference = A6B0766521BFA0D6003D51F3 /* KaragandyBus.app */;
			productType = "com.apple.product-type.application";
		};
		A6B0767821BFA0D7003D51F3 /* KaragandyBusTests */ = {
			isa = PBXNativeTarget;
			buildConfigurationList = A6B0769021BFA0D7003D51F3 /* Build configuration list for PBXNativeTarget "KaragandyBusTests" */;
			buildPhases = (
				A6B0767521BFA0D7003D51F3 /* Sources */,
				A6B0767621BFA0D7003D51F3 /* Frameworks */,
				A6B0767721BFA0D7003D51F3 /* Resources */,
			);
			buildRules = (
			);
			dependencies = (
				A6B0767B21BFA0D7003D51F3 /* PBXTargetDependency */,
			);
			name = KaragandyBusTests;
			productName = KaragandyBusTests;
			productReference = A6B0767921BFA0D7003D51F3 /* KaragandyBusTests.xctest */;
			productType = "com.apple.product-type.bundle.unit-test";
		};
		A6B0768321BFA0D7003D51F3 /* KaragandyBusUITests */ = {
			isa = PBXNativeTarget;
			buildConfigurationList = A6B0769321BFA0D7003D51F3 /* Build configuration list for PBXNativeTarget "KaragandyBusUITests" */;
			buildPhases = (
				A6B0768021BFA0D7003D51F3 /* Sources */,
				A6B0768121BFA0D7003D51F3 /* Frameworks */,
				A6B0768221BFA0D7003D51F3 /* Resources */,
			);
			buildRules = (
			);
			dependencies = (
				A6B0768621BFA0D7003D51F3 /* PBXTargetDependency */,
			);
			name = KaragandyBusUITests;
			productName = KaragandyBusUITests;
			productReference = A6B0768421BFA0D7003D51F3 /* KaragandyBusUITests.xctest */;
			productType = "com.apple.product-type.bundle.ui-testing";
		};
/* End PBXNativeTarget section */

/* Begin PBXProject section */
		A6B0765D21BFA0D6003D51F3 /* Project object */ = {
			isa = PBXProject;
			attributes = {
				LastSwiftUpdateCheck = 1010;
				LastUpgradeCheck = 1010;
				ORGANIZATIONNAME = "Олег Лейзер";
				TargetAttributes = {
					A6B0766421BFA0D6003D51F3 = {
						CreatedOnToolsVersion = 10.1;
					};
					A6B0767821BFA0D7003D51F3 = {
						CreatedOnToolsVersion = 10.1;
						TestTargetID = A6B0766421BFA0D6003D51F3;
					};
					A6B0768321BFA0D7003D51F3 = {
						CreatedOnToolsVersion = 10.1;
						TestTargetID = A6B0766421BFA0D6003D51F3;
					};
				};
			};
			buildConfigurationList = A6B0766021BFA0D6003D51F3 /* Build configuration list for PBXProject "KaragandyBus" */;
			compatibilityVersion = "Xcode 9.3";
			developmentRegion = en;
			hasScannedForEncodings = 0;
			knownRegions = (
				en,
				Base,
			);
			mainGroup = A6B0765C21BFA0D6003D51F3;
			productRefGroup = A6B0766621BFA0D6003D51F3 /* Products */;
			projectDirPath = "";
			projectRoot = "";
			targets = (
				A6B0766421BFA0D6003D51F3 /* KaragandyBus */,
				A6B0767821BFA0D7003D51F3 /* KaragandyBusTests */,
				A6B0768321BFA0D7003D51F3 /* KaragandyBusUITests */,
			);
		};
/* End PBXProject section */

/* Begin PBXResourcesBuildPhase section */
		A6B0766321BFA0D6003D51F3 /* Resources */ = {
			isa = PBXResourcesBuildPhase;
			buildActionMask = 2147483647;
			files = (
				A6B0767321BFA0D7003D51F3 /* LaunchScreen.storyboard in Resources */,
				A6B0767021BFA0D7003D51F3 /* Assets.xcassets in Resources */,
				A6B0766E21BFA0D6003D51F3 /* Main.storyboard in Resources */,
			);
			runOnlyForDeploymentPostprocessing = 0;
		};
		A6B0767721BFA0D7003D51F3 /* Resources */ = {
			isa = PBXResourcesBuildPhase;
			buildActionMask = 2147483647;
			files = (
			);
			runOnlyForDeploymentPostprocessing = 0;
		};
		A6B0768221BFA0D7003D51F3 /* Resources */ = {
			isa = PBXResourcesBuildPhase;
			buildActionMask = 2147483647;
			files = (
			);
			runOnlyForDeploymentPostprocessing = 0;
		};
/* End PBXResourcesBuildPhase section */

/* Begin PBXSourcesBuildPhase section */
		A6B0766121BFA0D6003D51F3 /* Sources */ = {
			isa = PBXSourcesBuildPhase;
			buildActionMask = 2147483647;
			files = (
				A6B0766B21BFA0D6003D51F3 /* ViewController.swift in Sources */,
				A6B0766921BFA0D6003D51F3 /* AppDelegate.swift in Sources */,
			);
			runOnlyForDeploymentPostprocessing = 0;
		};
		A6B0767521BFA0D7003D51F3 /* Sources */ = {
			isa = PBXSourcesBuildPhase;
			buildActionMask = 2147483647;
			files = (
				A6B0767E21BFA0D7003D51F3 /* KaragandyBusTests.swift in Sources */,
			);
			runOnlyForDeploymentPostprocessing = 0;
		};
		A6B0768021BFA0D7003D51F3 /* Sources */ = {
			isa = PBXSourcesBuildPhase;
			buildActionMask = 2147483647;
			files = (
				A6B0768921BFA0D7003D51F3 /* KaragandyBusUITests.swift in Sources */,
			);
			runOnlyForDeploymentPostprocessing = 0;
		};
/* End PBXSourcesBuildPhase section */

/* Begin PBXTargetDependency section */
		A6B0767B21BFA0D7003D51F3 /* PBXTargetDependency */ = {
			isa = PBXTargetDependency;
			target = A6B0766421BFA0D6003D51F3 /* KaragandyBus */;
			targetProxy = A6B0767A21BFA0D7003D51F3 /* PBXContainerItemProxy */;
		};
		A6B0768621BFA0D7003D51F3 /* PBXTargetDependency */ = {
			isa = PBXTargetDependency;
			target = A6B0766421BFA0D6003D51F3 /* KaragandyBus */;
			targetProxy = A6B0768521BFA0D7003D51F3 /* PBXContainerItemProxy */;
		};
/* End PBXTargetDependency section */

/* Begin PBXVariantGroup section */
		A6B0766C21BFA0D6003D51F3 /* Main.storyboard */ = {
			isa = PBXVariantGroup;
			children = (
				A6B0766D21BFA0D6003D51F3 /* Base */,
			);
			name = Main.storyboard;
			sourceTree = "<group>";
		};
		A6B0767121BFA0D7003D51F3 /* LaunchScreen.storyboard */ = {
			isa = PBXVariantGroup;
			children = (
				A6B0767221BFA0D7003D51F3 /* Base */,
			);
			name = LaunchScreen.storyboard;
			sourceTree = "<group>";
		};
/* End PBXVariantGroup section */

/* Begin XCBuildConfiguration section */
		A6B0768B21BFA0D7003D51F3 /* Debug */ = {
			isa = XCBuildConfiguration;
			buildSettings = {
				ALWAYS_SEARCH_USER_PATHS = NO;
				CLANG_ANALYZER_NONNULL = YES;
				CLANG_ANALYZER_NUMBER_OBJECT_CONVERSION = YES_AGGRESSIVE;
				CLANG_CXX_LANGUAGE_STANDARD = "gnu++14";
				CLANG_CXX_LIBRARY = "libc++";
				CLANG_ENABLE_MODULES = YES;
				CLANG_ENABLE_OBJC_ARC = YES;
				CLANG_ENABLE_OBJC_WEAK = YES;
				CLANG_WARN_BLOCK_CAPTURE_AUTORELEASING = YES;
				CLANG_WARN_BOOL_CONVERSION = YES;
				CLANG_WARN_COMMA = YES;
				CLANG_WARN_CONSTANT_CONVERSION = YES;
				CLANG_WARN_DEPRECATED_OBJC_IMPLEMENTATIONS = YES;
				CLANG_WARN_DIRECT_OBJC_ISA_USAGE = YES_ERROR;
				CLANG_WARN_DOCUMENTATION_COMMENTS = YES;
				CLANG_WARN_EMPTY_BODY = YES;
				CLANG_WARN_ENUM_CONVERSION = YES;
				CLANG_WARN_INFINITE_RECURSION = YES;
				CLANG_WARN_INT_CONVERSION = YES;
				CLANG_WARN_NON_LITERAL_NULL_CONVERSION = YES;
				CLANG_WARN_OBJC_IMPLICIT_RETAIN_SELF = YES;
				CLANG_WARN_OBJC_LITERAL_CONVERSION = YES;
				CLANG_WARN_OBJC_ROOT_CLASS = YES_ERROR;
				CLANG_WARN_RANGE_LOOP_ANALYSIS = YES;
				CLANG_WARN_STRICT_PROTOTYPES = YES;
				CLANG_WARN_SUSPICIOUS_MOVE = YES;
				CLANG_WARN_UNGUARDED_AVAILABILITY = YES_AGGRESSIVE;
				CLANG_WARN_UNREACHABLE_CODE = YES;
				CLANG_WARN__DUPLICATE_METHOD_MATCH = YES;
				CODE_SIGN_IDENTITY = "iPhone Developer";
				COPY_PHASE_STRIP = NO;
				DEBUG_INFORMATION_FORMAT = dwarf;
				ENABLE_STRICT_OBJC_MSGSEND = YES;
				ENABLE_TESTABILITY = YES;
				GCC_C_LANGUAGE_STANDARD = gnu11;
				GCC_DYNAMIC_NO_PIC = NO;
				GCC_NO_COMMON_BLOCKS = YES;
				GCC_OPTIMIZATION_LEVEL = 0;
				GCC_PREPROCESSOR_DEFINITIONS = (
					"DEBUG=1",
					"$(inherited)",
				);
				GCC_WARN_64_TO_32_BIT_CONVERSION = YES;
				GCC_WARN_ABOUT_RETURN_TYPE = YES_ERROR;
				GCC_WARN_UNDECLARED_SELECTOR = YES;
				GCC_WARN_UNINITIALIZED_AUTOS = YES_AGGRESSIVE;
				GCC_WARN_UNUSED_FUNCTION = YES;
				GCC_WARN_UNUSED_VARIABLE = YES;
				IPHONEOS_DEPLOYMENT_TARGET = 12.1;
				MTL_ENABLE_DEBUG_INFO = INCLUDE_SOURCE;
				MTL_FAST_MATH = YES;
				ONLY_ACTIVE_ARCH = YES;
				SDKROOT = iphoneos;
				SWIFT_ACTIVE_COMPILATION_CONDITIONS = DEBUG;
				SWIFT_OPTIMIZATION_LEVEL = "-Onone";
			};
			name = Debug;
		};
		A6B0768C21BFA0D7003D51F3 /* Release */ = {
			isa = XCBuildConfiguration;
			buildSettings = {
				ALWAYS_SEARCH_USER_PATHS = NO;
				CLANG_ANALYZER_NONNULL = YES;
				CLANG_ANALYZER_NUMBER_OBJECT_CONVERSION = YES_AGGRESSIVE;
				CLANG_CXX_LANGUAGE_STANDARD = "gnu++14";
				CLANG_CXX_LIBRARY = "libc++";
				CLANG_ENABLE_MODULES = YES;
				CLANG_ENABLE_OBJC_ARC = YES;
				CLANG_ENABLE_OBJC_WEAK = YES;
				CLANG_WARN_BLOCK_CAPTURE_AUTORELEASING = YES;
				CLANG_WARN_BOOL_CONVERSION = YES;
				CLANG_WARN_COMMA = YES;
				CLANG_WARN_CONSTANT_CONVERSION = YES;
				CLANG_WARN_DEPRECATED_OBJC_IMPLEMENTATIONS = YES;
				CLANG_WARN_DIRECT_OBJC_ISA_USAGE = YES_ERROR;
				CLANG_WARN_DOCUMENTATION_COMMENTS = YES;
				CLANG_WARN_EMPTY_BODY = YES;
				CLANG_WARN_ENUM_CONVERSION = YES;
				CLANG_WARN_INFINITE_RECURSION = YES;
				CLANG_WARN_INT_CONVERSION = YES;
				CLANG_WARN_NON_LITERAL_NULL_CONVERSION = YES;
				CLANG_WARN_OBJC_IMPLICIT_RETAIN_SELF = YES;
				CLANG_WARN_OBJC_LITERAL_CONVERSION = YES;
				CLANG_WARN_OBJC_ROOT_CLASS = YES_ERROR;
				CLANG_WARN_RANGE_LOOP_ANALYSIS = YES;
				CLANG_WARN_STRICT_PROTOTYPES = YES;
				CLANG_WARN_SUSPICIOUS_MOVE = YES;
				CLANG_WARN_UNGUARDED_AVAILABILITY = YES_AGGRESSIVE;
				CLANG_WARN_UNREACHABLE_CODE = YES;
				CLANG_WARN__DUPLICATE_METHOD_MATCH = YES;
				CODE_SIGN_IDENTITY = "iPhone Developer";
				COPY_PHASE_STRIP = NO;
				DEBUG_INFORMATION_FORMAT = "dwarf-with-dsym";
				ENABLE_NS_ASSERTIONS = NO;
				ENABLE_STRICT_OBJC_MSGSEND = YES;
				GCC_C_LANGUAGE_STANDARD = gnu11;
				GCC_NO_COMMON_BLOCKS = YES;
				GCC_WARN_64_TO_32_BIT_CONVERSION = YES;
				GCC_WARN_ABOUT_RETURN_TYPE = YES_ERROR;
				GCC_WARN_UNDECLARED_SELECTOR = YES;
				GCC_WARN_UNINITIALIZED_AUTOS = YES_AGGRESSIVE;
				GCC_WARN_UNUSED_FUNCTION = YES;
				GCC_WARN_UNUSED_VARIABLE = YES;
				IPHONEOS_DEPLOYMENT_TARGET = 12.1;
				MTL_ENABLE_DEBUG_INFO = NO;
				MTL_FAST_MATH = YES;
				SDKROOT = iphoneos;
				SWIFT_COMPILATION_MODE = wholemodule;
				SWIFT_OPTIMIZATION_LEVEL = "-O";
				VALIDATE_PRODUCT = YES;
			};
			name = Release;
		};
		A6B0768E21BFA0D7003D51F3 /* Debug */ = {
			isa = XCBuildConfiguration;
			buildSettings = {
				ASSETCATALOG_COMPILER_APPICON_NAME = AppIcon;
				CODE_SIGN_STYLE = Automatic;
				DEVELOPMENT_TEAM = AC6F95FHB4;
				INFOPLIST_FILE = KaragandyBus/Info.plist;
				LD_RUNPATH_SEARCH_PATHS = (
					"$(inherited)",
					"@executable_path/Frameworks",
				);
				PRODUCT_BUNDLE_IDENTIFIER = kz.idev.KaragandyBus;
				PRODUCT_NAME = "$(TARGET_NAME)";
				SWIFT_VERSION = 4.2;
				TARGETED_DEVICE_FAMILY = "1,2";
			};
			name = Debug;
		};
		A6B0768F21BFA0D7003D51F3 /* Release */ = {
			isa = XCBuildConfiguration;
			buildSettings = {
				ASSETCATALOG_COMPILER_APPICON_NAME = AppIcon;
				CODE_SIGN_STYLE = Automatic;
				DEVELOPMENT_TEAM = AC6F95FHB4;
				INFOPLIST_FILE = KaragandyBus/Info.plist;
				LD_RUNPATH_SEARCH_PATHS = (
					"$(inherited)",
					"@executable_path/Frameworks",
				);
				PRODUCT_BUNDLE_IDENTIFIER = kz.idev.KaragandyBus;
				PRODUCT_NAME = "$(TARGET_NAME)";
				SWIFT_VERSION = 4.2;
				TARGETED_DEVICE_FAMILY = "1,2";
			};
			name = Release;
		};
		A6B0769121BFA0D7003D51F3 /* Debug */ = {
			isa = XCBuildConfiguration;
			buildSettings = {
				ALWAYS_EMBED_SWIFT_STANDARD_LIBRARIES = YES;
				BUNDLE_LOADER = "$(TEST_HOST)";
				CODE_SIGN_STYLE = Automatic;
				DEVELOPMENT_TEAM = AC6F95FHB4;
				INFOPLIST_FILE = KaragandyBusTests/Info.plist;
				LD_RUNPATH_SEARCH_PATHS = (
					"$(inherited)",
					"@executable_path/Frameworks",
					"@loader_path/Frameworks",
				);
				PRODUCT_BUNDLE_IDENTIFIER = kz.idev.KaragandyBusTests;
				PRODUCT_NAME = "$(TARGET_NAME)";
				SWIFT_VERSION = 4.2;
				TARGETED_DEVICE_FAMILY = "1,2";
				TEST_HOST = "$(BUILT_PRODUCTS_DIR)/KaragandyBus.app/KaragandyBus";
			};
			name = Debug;
		};
		A6B0769221BFA0D7003D51F3 /* Release */ = {
			isa = XCBuildConfiguration;
			buildSettings = {
				ALWAYS_EMBED_SWIFT_STANDARD_LIBRARIES = YES;
				BUNDLE_LOADER = "$(TEST_HOST)";
				CODE_SIGN_STYLE = Automatic;
				DEVELOPMENT_TEAM = AC6F95FHB4;
				INFOPLIST_FILE = KaragandyBusTests/Info.plist;
				LD_RUNPATH_SEARCH_PATHS = (
					"$(inherited)",
					"@executable_path/Frameworks",
					"@loader_path/Frameworks",
				);
				PRODUCT_BUNDLE_IDENTIFIER = kz.idev.KaragandyBusTests;
				PRODUCT_NAME = "$(TARGET_NAME)";
				SWIFT_VERSION = 4.2;
				TARGETED_DEVICE_FAMILY = "1,2";
				TEST_HOST = "$(BUILT_PRODUCTS_DIR)/KaragandyBus.app/KaragandyBus";
			};
			name = Release;
		};
		A6B0769421BFA0D7003D51F3 /* Debug */ = {
			isa = XCBuildConfiguration;
			buildSettings = {
				ALWAYS_EMBED_SWIFT_STANDARD_LIBRARIES = YES;
				CODE_SIGN_STYLE = Automatic;
				DEVELOPMENT_TEAM = AC6F95FHB4;
				INFOPLIST_FILE = KaragandyBusUITests/Info.plist;
				LD_RUNPATH_SEARCH_PATHS = (
					"$(inherited)",
					"@executable_path/Frameworks",
					"@loader_path/Frameworks",
				);
				PRODUCT_BUNDLE_IDENTIFIER = kz.idev.KaragandyBusUITests;
				PRODUCT_NAME = "$(TARGET_NAME)";
				SWIFT_VERSION = 4.2;
				TARGETED_DEVICE_FAMILY = "1,2";
				TEST_TARGET_NAME = KaragandyBus;
			};
			name = Debug;
		};
		A6B0769521BFA0D7003D51F3 /* Release */ = {
			isa = XCBuildConfiguration;
			buildSettings = {
				ALWAYS_EMBED_SWIFT_STANDARD_LIBRARIES = YES;
				CODE_SIGN_STYLE = Automatic;
				DEVELOPMENT_TEAM = AC6F95FHB4;
				INFOPLIST_FILE = KaragandyBusUITests/Info.plist;
				LD_RUNPATH_SEARCH_PATHS = (
					"$(inherited)",
					"@executable_path/Frameworks",
					"@loader_path/Frameworks",
				);
				PRODUCT_BUNDLE_IDENTIFIER = kz.idev.KaragandyBusUITests;
				PRODUCT_NAME = "$(TARGET_NAME)";
				SWIFT_VERSION = 4.2;
				TARGETED_DEVICE_FAMILY = "1,2";
				TEST_TARGET_NAME = KaragandyBus;
			};
			name = Release;
		};
/* End XCBuildConfiguration section */

/* Begin XCConfigurationList section */
		A6B0766021BFA0D6003D51F3 /* Build configuration list for PBXProject "KaragandyBus" */ = {
			isa = XCConfigurationList;
			buildConfigurations = (
				A6B0768B21BFA0D7003D51F3 /* Debug */,
				A6B0768C21BFA0D7003D51F3 /* Release */,
			);
			defaultConfigurationIsVisible = 0;
			defaultConfigurationName = Release;
		};
		A6B0768D21BFA0D7003D51F3 /* Build configuration list for PBXNativeTarget "KaragandyBus" */ = {
			isa = XCConfigurationList;
			buildConfigurations = (
				A6B0768E21BFA0D7003D51F3 /* Debug */,
				A6B0768F21BFA0D7003D51F3 /* Release */,
			);
			defaultConfigurationIsVisible = 0;
			defaultConfigurationName = Release;
		};
		A6B0769021BFA0D7003D51F3 /* Build configuration list for PBXNativeTarget "KaragandyBusTests" */ = {
			isa = XCConfigurationList;
			buildConfigurations = (
				A6B0769121BFA0D7003D51F3 /* Debug */,
				A6B0769221BFA0D7003D51F3 /* Release */,
			);
			defaultConfigurationIsVisible = 0;
			defaultConfigurationName = Release;
		};
		A6B0769321BFA0D7003D51F3 /* Build configuration list for PBXNativeTarget "KaragandyBusUITests" */ = {
			isa = XCConfigurationList;
			buildConfigurations = (
				A6B0769421BFA0D7003D51F3 /* Debug */,
				A6B0769521BFA0D7003D51F3 /* Release */,
			);
			defaultConfigurationIsVisible = 0;
			defaultConfigurationName = Release;
		};
/* End XCConfigurationList section */
	};
	rootObject = A6B0765D21BFA0D6003D51F3 /* Project object */;
}
